// !$*UTF8*$!
{
	archiveVersion = 1;
	classes = {
	};
	objectVersion = 46;
	objects = {

/* Begin PBXBuildFile section */
		F042C0D619877FE900DAE2E8 /* Foundation.framework in Frameworks */ = {isa = PBXBuildFile; fileRef = F042C0D519877FE900DAE2E8 /* Foundation.framework */; };
		F042C0D819877FE900DAE2E8 /* CoreGraphics.framework in Frameworks */ = {isa = PBXBuildFile; fileRef = F042C0D719877FE900DAE2E8 /* CoreGraphics.framework */; };
		F042C0DA19877FE900DAE2E8 /* UIKit.framework in Frameworks */ = {isa = PBXBuildFile; fileRef = F042C0D919877FE900DAE2E8 /* UIKit.framework */; };
		F042C0E019877FE900DAE2E8 /* InfoPlist.strings in Resources */ = {isa = PBXBuildFile; fileRef = F042C0DE19877FE900DAE2E8 /* InfoPlist.strings */; };
		F042C0E219877FE900DAE2E8 /* main.m in Sources */ = {isa = PBXBuildFile; fileRef = F042C0E119877FE900DAE2E8 /* main.m */; };
		F042C0E619877FE900DAE2E8 /* AppDelegate.m in Sources */ = {isa = PBXBuildFile; fileRef = F042C0E519877FE900DAE2E8 /* AppDelegate.m */; };
		F042C0E919877FE900DAE2E8 /* Main.storyboard in Resources */ = {isa = PBXBuildFile; fileRef = F042C0E719877FE900DAE2E8 /* Main.storyboard */; };
		F042C0EC19877FE900DAE2E8 /* ViewController.m in Sources */ = {isa = PBXBuildFile; fileRef = F042C0EB19877FE900DAE2E8 /* ViewController.m */; };
		F042C0EE19877FE900DAE2E8 /* Images.xcassets in Resources */ = {isa = PBXBuildFile; fileRef = F042C0ED19877FE900DAE2E8 /* Images.xcassets */; };
		F042C0F519877FE900DAE2E8 /* XCTest.framework in Frameworks */ = {isa = PBXBuildFile; fileRef = F042C0F419877FE900DAE2E8 /* XCTest.framework */; };
		F042C0F619877FE900DAE2E8 /* Foundation.framework in Frameworks */ = {isa = PBXBuildFile; fileRef = F042C0D519877FE900DAE2E8 /* Foundation.framework */; };
		F042C0F719877FE900DAE2E8 /* UIKit.framework in Frameworks */ = {isa = PBXBuildFile; fileRef = F042C0D919877FE900DAE2E8 /* UIKit.framework */; };
		F042C0FF19877FEA00DAE2E8 /* InfoPlist.strings in Resources */ = {isa = PBXBuildFile; fileRef = F042C0FD19877FEA00DAE2E8 /* InfoPlist.strings */; };
		F042C10119877FEA00DAE2E8 /* Want2DieTests.m in Sources */ = {isa = PBXBuildFile; fileRef = F042C10019877FEA00DAE2E8 /* Want2DieTests.m */; };
/* End PBXBuildFile section */

/* Begin PBXContainerItemProxy section */
		F042C0F819877FE900DAE2E8 /* PBXContainerItemProxy */ = {
			isa = PBXContainerItemProxy;
			containerPortal = F042C0CA19877FE900DAE2E8 /* Project object */;
			proxyType = 1;
			remoteGlobalIDString = F042C0D119877FE900DAE2E8;
			remoteInfo = Want2Die;
		};
/* End PBXContainerItemProxy section */

/* Begin PBXFileReference section */
		F042C0D219877FE900DAE2E8 /* Want2Die.app */ = {isa = PBXFileReference; explicitFileType = wrapper.application; includeInIndex = 0; path = Want2Die.app; sourceTree = BUILT_PRODUCTS_DIR; };
		F042C0D519877FE900DAE2E8 /* Foundation.framework */ = {isa = PBXFileReference; lastKnownFileType = wrapper.framework; name = Foundation.framework; path = System/Library/Frameworks/Foundation.framework; sourceTree = SDKROOT; };
		F042C0D719877FE900DAE2E8 /* CoreGraphics.framework */ = {isa = PBXFileReference; lastKnownFileType = wrapper.framework; name = CoreGraphics.framework; path = System/Library/Frameworks/CoreGraphics.framework; sourceTree = SDKROOT; };
		F042C0D919877FE900DAE2E8 /* UIKit.framework */ = {isa = PBXFileReference; lastKnownFileType = wrapper.framework; name = UIKit.framework; path = System/Library/Frameworks/UIKit.framework; sourceTree = SDKROOT; };
		F042C0DD19877FE900DAE2E8 /* Want2Die-Info.plist */ = {isa = PBXFileReference; lastKnownFileType = text.plist.xml; path = "Want2Die-Info.plist"; sourceTree = "<group>"; };
		F042C0DF19877FE900DAE2E8 /* en */ = {isa = PBXFileReference; lastKnownFileType = text.plist.strings; name = en; path = en.lproj/InfoPlist.strings; sourceTree = "<group>"; };
		F042C0E119877FE900DAE2E8 /* main.m */ = {isa = PBXFileReference; lastKnownFileType = sourcecode.c.objc; path = main.m; sourceTree = "<group>"; };
		F042C0E319877FE900DAE2E8 /* Want2Die-Prefix.pch */ = {isa = PBXFileReference; lastKnownFileType = sourcecode.c.h; path = "Want2Die-Prefix.pch"; sourceTree = "<group>"; };
		F042C0E419877FE900DAE2E8 /* AppDelegate.h */ = {isa = PBXFileReference; lastKnownFileType = sourcecode.c.h; path = AppDelegate.h; sourceTree = "<group>"; };
		F042C0E519877FE900DAE2E8 /* AppDelegate.m */ = {isa = PBXFileReference; lastKnownFileType = sourcecode.c.objc; path = AppDelegate.m; sourceTree = "<group>"; };
		F042C0E819877FE900DAE2E8 /* Base */ = {isa = PBXFileReference; lastKnownFileType = file.storyboard; name = Base; path = Base.lproj/Main.storyboard; sourceTree = "<group>"; };
		F042C0EA19877FE900DAE2E8 /* ViewController.h */ = {isa = PBXFileReference; lastKnownFileType = sourcecode.c.h; path = ViewController.h; sourceTree = "<group>"; };
		F042C0EB19877FE900DAE2E8 /* ViewController.m */ = {isa = PBXFileReference; lastKnownFileType = sourcecode.c.objc; path = ViewController.m; sourceTree = "<group>"; };
		F042C0ED19877FE900DAE2E8 /* Images.xcassets */ = {isa = PBXFileReference; lastKnownFileType = folder.assetcatalog; path = Images.xcassets; sourceTree = "<group>"; };
		F042C0F319877FE900DAE2E8 /* Want2DieTests.xctest */ = {isa = PBXFileReference; explicitFileType = wrapper.cfbundle; includeInIndex = 0; path = Want2DieTests.xctest; sourceTree = BUILT_PRODUCTS_DIR; };
		F042C0F419877FE900DAE2E8 /* XCTest.framework */ = {isa = PBXFileReference; lastKnownFileType = wrapper.framework; name = XCTest.framework; path = Library/Frameworks/XCTest.framework; sourceTree = DEVELOPER_DIR; };
		F042C0FC19877FE900DAE2E8 /* Want2DieTests-Info.plist */ = {isa = PBXFileReference; lastKnownFileType = text.plist.xml; path = "Want2DieTests-Info.plist"; sourceTree = "<group>"; };
		F042C0FE19877FEA00DAE2E8 /* en */ = {isa = PBXFileReference; lastKnownFileType = text.plist.strings; name = en; path = en.lproj/InfoPlist.strings; sourceTree = "<group>"; };
		F042C10019877FEA00DAE2E8 /* Want2DieTests.m */ = {isa = PBXFileReference; lastKnownFileType = sourcecode.c.objc; path = Want2DieTests.m; sourceTree = "<group>"; };
/* End PBXFileReference section */

/* Begin PBXFrameworksBuildPhase section */
		F042C0CF19877FE900DAE2E8 /* Frameworks */ = {
			isa = PBXFrameworksBuildPhase;
			buildActionMask = 2147483647;
			files = (
				F042C0D819877FE900DAE2E8 /* CoreGraphics.framework in Frameworks */,
				F042C0DA19877FE900DAE2E8 /* UIKit.framework in Frameworks */,
				F042C0D619877FE900DAE2E8 /* Foundation.framework in Frameworks */,
			);
			runOnlyForDeploymentPostprocessing = 0;
		};
		F042C0F019877FE900DAE2E8 /* Frameworks */ = {
			isa = PBXFrameworksBuildPhase;
			buildActionMask = 2147483647;
			files = (
				F042C0F519877FE900DAE2E8 /* XCTest.framework in Frameworks */,
				F042C0F719877FE900DAE2E8 /* UIKit.framework in Frameworks */,
				F042C0F619877FE900DAE2E8 /* Foundation.framework in Frameworks */,
			);
			runOnlyForDeploymentPostprocessing = 0;
		};
/* End PBXFrameworksBuildPhase section */

/* Begin PBXGroup section */
		F042C0C919877FE900DAE2E8 = {
			isa = PBXGroup;
			children = (
				F042C0DB19877FE900DAE2E8 /* Want2Die */,
				F042C0FA19877FE900DAE2E8 /* Want2DieTests */,
				F042C0D419877FE900DAE2E8 /* Frameworks */,
				F042C0D319877FE900DAE2E8 /* Products */,
			);
			sourceTree = "<group>";
		};
		F042C0D319877FE900DAE2E8 /* Products */ = {
			isa = PBXGroup;
			children = (
				F042C0D219877FE900DAE2E8 /* Want2Die.app */,
				F042C0F319877FE900DAE2E8 /* Want2DieTests.xctest */,
			);
			name = Products;
			sourceTree = "<group>";
		};
		F042C0D419877FE900DAE2E8 /* Frameworks */ = {
			isa = PBXGroup;
			children = (
				F042C0D519877FE900DAE2E8 /* Foundation.framework */,
				F042C0D719877FE900DAE2E8 /* CoreGraphics.framework */,
				F042C0D919877FE900DAE2E8 /* UIKit.framework */,
				F042C0F419877FE900DAE2E8 /* XCTest.framework */,
			);
			name = Frameworks;
			sourceTree = "<group>";
		};
		F042C0DB19877FE900DAE2E8 /* Want2Die */ = {
			isa = PBXGroup;
			children = (
				F042C0E419877FE900DAE2E8 /* AppDelegate.h */,
				F042C0E519877FE900DAE2E8 /* AppDelegate.m */,
				F042C0E719877FE900DAE2E8 /* Main.storyboard */,
				F042C0EA19877FE900DAE2E8 /* ViewController.h */,
				F042C0EB19877FE900DAE2E8 /* ViewController.m */,
				F042C0ED19877FE900DAE2E8 /* Images.xcassets */,
				F042C0DC19877FE900DAE2E8 /* Supporting Files */,
			);
			path = Want2Die;
			sourceTree = "<group>";
		};
		F042C0DC19877FE900DAE2E8 /* Supporting Files */ = {
			isa = PBXGroup;
			children = (
				F042C0DD19877FE900DAE2E8 /* Want2Die-Info.plist */,
				F042C0DE19877FE900DAE2E8 /* InfoPlist.strings */,
				F042C0E119877FE900DAE2E8 /* main.m */,
				F042C0E319877FE900DAE2E8 /* Want2Die-Prefix.pch */,
			);
			name = "Supporting Files";
			sourceTree = "<group>";
		};
		F042C0FA19877FE900DAE2E8 /* Want2DieTests */ = {
			isa = PBXGroup;
			children = (
				F042C10019877FEA00DAE2E8 /* Want2DieTests.m */,
				F042C0FB19877FE900DAE2E8 /* Supporting Files */,
			);
			path = Want2DieTests;
			sourceTree = "<group>";
		};
		F042C0FB19877FE900DAE2E8 /* Supporting Files */ = {
			isa = PBXGroup;
			children = (
				F042C0FC19877FE900DAE2E8 /* Want2DieTests-Info.plist */,
				F042C0FD19877FEA00DAE2E8 /* InfoPlist.strings */,
			);
			name = "Supporting Files";
			sourceTree = "<group>";
		};
/* End PBXGroup section */

/* Begin PBXNativeTarget section */
		F042C0D119877FE900DAE2E8 /* Want2Die */ = {
			isa = PBXNativeTarget;
			buildConfigurationList = F042C10419877FEA00DAE2E8 /* Build configuration list for PBXNativeTarget "Want2Die" */;
			buildPhases = (
				F042C0CE19877FE900DAE2E8 /* Sources */,
				F042C0CF19877FE900DAE2E8 /* Frameworks */,
				F042C0D019877FE900DAE2E8 /* Resources */,
			);
			buildRules = (
			);
			dependencies = (
			);
			name = Want2Die;
			productName = Want2Die;
			productReference = F042C0D219877FE900DAE2E8 /* Want2Die.app */;
			productType = "com.apple.product-type.application";
		};
		F042C0F219877FE900DAE2E8 /* Want2DieTests */ = {
			isa = PBXNativeTarget;
			buildConfigurationList = F042C10719877FEA00DAE2E8 /* Build configuration list for PBXNativeTarget "Want2DieTests" */;
			buildPhases = (
				F042C0EF19877FE900DAE2E8 /* Sources */,
				F042C0F019877FE900DAE2E8 /* Frameworks */,
				F042C0F119877FE900DAE2E8 /* Resources */,
			);
			buildRules = (
			);
			dependencies = (
				F042C0F919877FE900DAE2E8 /* PBXTargetDependency */,
			);
			name = Want2DieTests;
			productName = Want2DieTests;
			productReference = F042C0F319877FE900DAE2E8 /* Want2DieTests.xctest */;
			productType = "com.apple.product-type.bundle.unit-test";
		};
/* End PBXNativeTarget section */

/* Begin PBXProject section */
		F042C0CA19877FE900DAE2E8 /* Project object */ = {
			isa = PBXProject;
			attributes = {
				LastUpgradeCheck = 0510;
				ORGANIZATIONNAME = "___FULLUSERNAME___";
				TargetAttributes = {
					F042C0F219877FE900DAE2E8 = {
						TestTargetID = F042C0D119877FE900DAE2E8;
					};
				};
			};
			buildConfigurationList = F042C0CD19877FE900DAE2E8 /* Build configuration list for PBXProject "Want2Die" */;
			compatibilityVersion = "Xcode 3.2";
			developmentRegion = English;
			hasScannedForEncodings = 0;
			knownRegions = (
				en,
				Base,
			);
			mainGroup = F042C0C919877FE900DAE2E8;
			productRefGroup = F042C0D319877FE900DAE2E8 /* Products */;
			projectDirPath = "";
			projectRoot = "";
			targets = (
				F042C0D119877FE900DAE2E8 /* Want2Die */,
				F042C0F219877FE900DAE2E8 /* Want2DieTests */,
			);
		};
/* End PBXProject section */

/* Begin PBXResourcesBuildPhase section */
		F042C0D019877FE900DAE2E8 /* Resources */ = {
			isa = PBXResourcesBuildPhase;
			buildActionMask = 2147483647;
			files = (
				F042C0EE19877FE900DAE2E8 /* Images.xcassets in Resources */,
				F042C0E019877FE900DAE2E8 /* InfoPlist.strings in Resources */,
				F042C0E919877FE900DAE2E8 /* Main.storyboard in Resources */,
			);
			runOnlyForDeploymentPostprocessing = 0;
		};
		F042C0F119877FE900DAE2E8 /* Resources */ = {
			isa = PBXResourcesBuildPhase;
			buildActionMask = 2147483647;
			files = (
				F042C0FF19877FEA00DAE2E8 /* InfoPlist.strings in Resources */,
			);
			runOnlyForDeploymentPostprocessing = 0;
		};
/* End PBXResourcesBuildPhase section */

/* Begin PBXSourcesBuildPhase section */
		F042C0CE19877FE900DAE2E8 /* Sources */ = {
			isa = PBXSourcesBuildPhase;
			buildActionMask = 2147483647;
			files = (
				F042C0EC19877FE900DAE2E8 /* ViewController.m in Sources */,
				F042C0E619877FE900DAE2E8 /* AppDelegate.m in Sources */,
				F042C0E219877FE900DAE2E8 /* main.m in Sources */,
			);
			runOnlyForDeploymentPostprocessing = 0;
		};
		F042C0EF19877FE900DAE2E8 /* Sources */ = {
			isa = PBXSourcesBuildPhase;
			buildActionMask = 2147483647;
			files = (
				F042C10119877FEA00DAE2E8 /* Want2DieTests.m in Sources */,
			);
			runOnlyForDeploymentPostprocessing = 0;
		};
/* End PBXSourcesBuildPhase section */

/* Begin PBXTargetDependency section */
		F042C0F919877FE900DAE2E8 /* PBXTargetDependency */ = {
			isa = PBXTargetDependency;
			target = F042C0D119877FE900DAE2E8 /* Want2Die */;
			targetProxy = F042C0F819877FE900DAE2E8 /* PBXContainerItemProxy */;
		};
/* End PBXTargetDependency section */

/* Begin PBXVariantGroup section */
		F042C0DE19877FE900DAE2E8 /* InfoPlist.strings */ = {
			isa = PBXVariantGroup;
			children = (
				F042C0DF19877FE900DAE2E8 /* en */,
			);
			name = InfoPlist.strings;
			sourceTree = "<group>";
		};
		F042C0E719877FE900DAE2E8 /* Main.storyboard */ = {
			isa = PBXVariantGroup;
			children = (
				F042C0E819877FE900DAE2E8 /* Base */,
			);
			name = Main.storyboard;
			sourceTree = "<group>";
		};
		F042C0FD19877FEA00DAE2E8 /* InfoPlist.strings */ = {
			isa = PBXVariantGroup;
			children = (
				F042C0FE19877FEA00DAE2E8 /* en */,
			);
			name = InfoPlist.strings;
			sourceTree = "<group>";
		};
/* End PBXVariantGroup section */

/* Begin XCBuildConfiguration section */
		F042C10219877FEA00DAE2E8 /* Debug */ = {
			isa = XCBuildConfiguration;
			buildSettings = {
				ALWAYS_SEARCH_USER_PATHS = NO;
				CLANG_CXX_LANGUAGE_STANDARD = "gnu++0x";
				CLANG_CXX_LIBRARY = "libc++";
				CLANG_ENABLE_MODULES = YES;
				CLANG_ENABLE_OBJC_ARC = YES;
				CLANG_WARN_BOOL_CONVERSION = YES;
				CLANG_WARN_CONSTANT_CONVERSION = YES;
				CLANG_WARN_DIRECT_OBJC_ISA_USAGE = YES_ERROR;
				CLANG_WARN_EMPTY_BODY = YES;
				CLANG_WARN_ENUM_CONVERSION = YES;
				CLANG_WARN_INT_CONVERSION = YES;
				CLANG_WARN_OBJC_ROOT_CLASS = YES_ERROR;
				CLANG_WARN__DUPLICATE_METHOD_MATCH = YES;
				"CODE_SIGN_IDENTITY[sdk=iphoneos*]" = "iPhone Developer";
				COPY_PHASE_STRIP = NO;
				GCC_C_LANGUAGE_STANDARD = gnu99;
				GCC_DYNAMIC_NO_PIC = NO;
				GCC_OPTIMIZATION_LEVEL = 0;
				GCC_PREPROCESSOR_DEFINITIONS = (
					"DEBUG=1",
					"$(inherited)",
				);
				GCC_SYMBOLS_PRIVATE_EXTERN = NO;
				GCC_WARN_64_TO_32_BIT_CONVERSION = YES;
				GCC_WARN_ABOUT_RETURN_TYPE = YES_ERROR;
				GCC_WARN_UNDECLARED_SELECTOR = YES;
				GCC_WARN_UNINITIALIZED_AUTOS = YES_AGGRESSIVE;
				GCC_WARN_UNUSED_FUNCTION = YES;
				GCC_WARN_UNUSED_VARIABLE = YES;
				IPHONEOS_DEPLOYMENT_TARGET = 7.1;
				ONLY_ACTIVE_ARCH = YES;
				SDKROOT = iphoneos;
			};
			name = Debug;
		};
		F042C10319877FEA00DAE2E8 /* Release */ = {
			isa = XCBuildConfiguration;
			buildSettings = {
				ALWAYS_SEARCH_USER_PATHS = NO;
				CLANG_CXX_LANGUAGE_STANDARD = "gnu++0x";
				CLANG_CXX_LIBRARY = "libc++";
				CLANG_ENABLE_MODULES = YES;
				CLANG_ENABLE_OBJC_ARC = YES;
				CLANG_WARN_BOOL_CONVERSION = YES;
				CLANG_WARN_CONSTANT_CONVERSION = YES;
				CLANG_WARN_DIRECT_OBJC_ISA_USAGE = YES_ERROR;
				CLANG_WARN_EMPTY_BODY = YES;
				CLANG_WARN_ENUM_CONVERSION = YES;
				CLANG_WARN_INT_CONVERSION = YES;
				CLANG_WARN_OBJC_ROOT_CLASS = YES_ERROR;
				CLANG_WARN__DUPLICATE_METHOD_MATCH = YES;
				"CODE_SIGN_IDENTITY[sdk=iphoneos*]" = "iPhone Developer";
				COPY_PHASE_STRIP = YES;
				ENABLE_NS_ASSERTIONS = NO;
				GCC_C_LANGUAGE_STANDARD = gnu99;
				GCC_WARN_64_TO_32_BIT_CONVERSION = YES;
				GCC_WARN_ABOUT_RETURN_TYPE = YES_ERROR;
				GCC_WARN_UNDECLARED_SELECTOR = YES;
				GCC_WARN_UNINITIALIZED_AUTOS = YES_AGGRESSIVE;
				GCC_WARN_UNUSED_FUNCTION = YES;
				GCC_WARN_UNUSED_VARIABLE = YES;
				IPHONEOS_DEPLOYMENT_TARGET = 7.1;
				SDKROOT = iphoneos;
				VALIDATE_PRODUCT = YES;
			};
			name = Release;
		};
		F042C10519877FEA00DAE2E8 /* Debug */ = {
			isa = XCBuildConfiguration;
			buildSettings = {
				ASSETCATALOG_COMPILER_APPICON_NAME = AppIcon;
				ASSETCATALOG_COMPILER_LAUNCHIMAGE_NAME = LaunchImage;
				GCC_PRECOMPILE_PREFIX_HEADER = YES;
				GCC_PREFIX_HEADER = "Want2Die/Want2Die-Prefix.pch";
				INFOPLIST_FILE = "Want2Die/Want2Die-Info.plist";
				PRODUCT_NAME = "$(TARGET_NAME)";
				WRAPPER_EXTENSION = app;
			};
			name = Debug;
		};
		F042C10619877FEA00DAE2E8 /* Release */ = {
			isa = XCBuildConfiguration;
			buildSettings = {
				ASSETCATALOG_COMPILER_APPICON_NAME = AppIcon;
				ASSETCATALOG_COMPILER_LAUNCHIMAGE_NAME = LaunchImage;
				GCC_PRECOMPILE_PREFIX_HEADER = YES;
				GCC_PREFIX_HEADER = "Want2Die/Want2Die-Prefix.pch";
				INFOPLIST_FILE = "Want2Die/Want2Die-Info.plist";
				PRODUCT_NAME = "$(TARGET_NAME)";
				WRAPPER_EXTENSION = app;
			};
			name = Release;
		};
		F042C10819877FEA00DAE2E8 /* Debug */ = {
			isa = XCBuildConfiguration;
			buildSettings = {
				BUNDLE_LOADER = "$(BUILT_PRODUCTS_DIR)/Want2Die.app/Want2Die";
				FRAMEWORK_SEARCH_PATHS = (
					"$(SDKROOT)/Developer/Library/Frameworks",
					"$(inherited)",
					"$(DEVELOPER_FRAMEWORKS_DIR)",
				);
				GCC_PRECOMPILE_PREFIX_HEADER = YES;
				GCC_PREFIX_HEADER = "Want2Die/Want2Die-Prefix.pch";
				GCC_PREPROCESSOR_DEFINITIONS = (
					"DEBUG=1",
					"$(inherited)",
				);
				INFOPLIST_FILE = "Want2DieTests/Want2DieTests-Info.plist";
				PRODUCT_NAME = "$(TARGET_NAME)";
				TEST_HOST = "$(BUNDLE_LOADER)";
				WRAPPER_EXTENSION = xctest;
			};
			name = Debug;
		};
		F042C10919877FEA00DAE2E8 /* Release */ = {
			isa = XCBuildConfiguration;
			buildSettings = {
				BUNDLE_LOADER = "$(BUILT_PRODUCTS_DIR)/Want2Die.app/Want2Die";
				FRAMEWORK_SEARCH_PATHS = (
					"$(SDKROOT)/Developer/Library/Frameworks",
					"$(inherited)",
					"$(DEVELOPER_FRAMEWORKS_DIR)",
				);
				GCC_PRECOMPILE_PREFIX_HEADER = YES;
				GCC_PREFIX_HEADER = "Want2Die/Want2Die-Prefix.pch";
				INFOPLIST_FILE = "Want2DieTests/Want2DieTests-Info.plist";
				PRODUCT_NAME = "$(TARGET_NAME)";
				TEST_HOST = "$(BUNDLE_LOADER)";
				WRAPPER_EXTENSION = xctest;
			};
			name = Release;
		};
/* End XCBuildConfiguration section */

/* Begin XCConfigurationList section */
		F042C0CD19877FE900DAE2E8 /* Build configuration list for PBXProject "Want2Die" */ = {
			isa = XCConfigurationList;
			buildConfigurations = (
				F042C10219877FEA00DAE2E8 /* Debug */,
				F042C10319877FEA00DAE2E8 /* Release */,
			);
			defaultConfigurationIsVisible = 0;
			defaultConfigurationName = Release;
		};
		F042C10419877FEA00DAE2E8 /* Build configuration list for PBXNativeTarget "Want2Die" */ = {
			isa = XCConfigurationList;
			buildConfigurations = (
				F042C10519877FEA00DAE2E8 /* Debug */,
				F042C10619877FEA00DAE2E8 /* Release */,
			);
			defaultConfigurationIsVisible = 0;
		};
		F042C10719877FEA00DAE2E8 /* Build configuration list for PBXNativeTarget "Want2DieTests" */ = {
			isa = XCConfigurationList;
			buildConfigurations = (
				F042C10819877FEA00DAE2E8 /* Debug */,
				F042C10919877FEA00DAE2E8 /* Release */,
			);
			defaultConfigurationIsVisible = 0;
		};
/* End XCConfigurationList section */
	};
	rootObject = F042C0CA19877FE900DAE2E8 /* Project object */;
}
