// !$*UTF8*$!
{
	archiveVersion = 1;
	classes = {
	};
	objectVersion = 46;
	objects = {

/* Begin PBXBuildFile section */
		5A83FF8819E01D7300A83854 /* downCat_Female.png in Resources */ = {isa = PBXBuildFile; fileRef = 5A83FF7F19E01D7300A83854 /* downCat_Female.png */; };
		5A83FF8919E01D7300A83854 /* downCat_Male.png in Resources */ = {isa = PBXBuildFile; fileRef = 5A83FF8019E01D7300A83854 /* downCat_Male.png */; };
		5A83FF8A19E01D7300A83854 /* kidCat.png in Resources */ = {isa = PBXBuildFile; fileRef = 5A83FF8119E01D7300A83854 /* kidCat.png */; };
		5A83FF8B19E01D7300A83854 /* leftCat_Female.png in Resources */ = {isa = PBXBuildFile; fileRef = 5A83FF8219E01D7300A83854 /* leftCat_Female.png */; };
		5A83FF8C19E01D7300A83854 /* leftCat_Male.png in Resources */ = {isa = PBXBuildFile; fileRef = 5A83FF8319E01D7300A83854 /* leftCat_Male.png */; };
		5A83FF8D19E01D7300A83854 /* rightCat_Female.png in Resources */ = {isa = PBXBuildFile; fileRef = 5A83FF8419E01D7300A83854 /* rightCat_Female.png */; };
		5A83FF8E19E01D7300A83854 /* rightCat_Male.png in Resources */ = {isa = PBXBuildFile; fileRef = 5A83FF8519E01D7300A83854 /* rightCat_Male.png */; };
		5A83FF8F19E01D7300A83854 /* upCat_Female.png in Resources */ = {isa = PBXBuildFile; fileRef = 5A83FF8619E01D7300A83854 /* upCat_Female.png */; };
		5A83FF9019E01D7300A83854 /* upCat_Male.png in Resources */ = {isa = PBXBuildFile; fileRef = 5A83FF8719E01D7300A83854 /* upCat_Male.png */; };
		5A8D6DFC19E02D61000AFCA9 /* Default.png in Resources */ = {isa = PBXBuildFile; fileRef = 5A8D6DFB19E02D61000AFCA9 /* Default.png */; };
		5A8D6E0619E05DC0000AFCA9 /* downCat_Female@2x.png in Resources */ = {isa = PBXBuildFile; fileRef = 5A8D6DFD19E05DC0000AFCA9 /* downCat_Female@2x.png */; };
		5A8D6E0719E05DC0000AFCA9 /* downCat_Male@2x.png in Resources */ = {isa = PBXBuildFile; fileRef = 5A8D6DFE19E05DC0000AFCA9 /* downCat_Male@2x.png */; };
		5A8D6E0819E05DC0000AFCA9 /* kidCat@2x.png in Resources */ = {isa = PBXBuildFile; fileRef = 5A8D6DFF19E05DC0000AFCA9 /* kidCat@2x.png */; };
		5A8D6E0919E05DC0000AFCA9 /* leftCat_Female@2x.png in Resources */ = {isa = PBXBuildFile; fileRef = 5A8D6E0019E05DC0000AFCA9 /* leftCat_Female@2x.png */; };
		5A8D6E0A19E05DC0000AFCA9 /* leftCat_Male@2x.png in Resources */ = {isa = PBXBuildFile; fileRef = 5A8D6E0119E05DC0000AFCA9 /* leftCat_Male@2x.png */; };
		5A8D6E0B19E05DC0000AFCA9 /* rightCat_Female@2x.png in Resources */ = {isa = PBXBuildFile; fileRef = 5A8D6E0219E05DC0000AFCA9 /* rightCat_Female@2x.png */; };
		5A8D6E0C19E05DC0000AFCA9 /* rightCat_Male@2x.png in Resources */ = {isa = PBXBuildFile; fileRef = 5A8D6E0319E05DC0000AFCA9 /* rightCat_Male@2x.png */; };
		5A8D6E0D19E05DC0000AFCA9 /* upCat_Female@2x.png in Resources */ = {isa = PBXBuildFile; fileRef = 5A8D6E0419E05DC0000AFCA9 /* upCat_Female@2x.png */; };
		5A8D6E0E19E05DC0000AFCA9 /* upCat_Male@2x.png in Resources */ = {isa = PBXBuildFile; fileRef = 5A8D6E0519E05DC0000AFCA9 /* upCat_Male@2x.png */; };
		F0086F0A19889060009E7E18 /* GameViewController.m in Sources */ = {isa = PBXBuildFile; fileRef = F0086F0819889060009E7E18 /* GameViewController.m */; };
		F0086F0B19889060009E7E18 /* GameViewController.xib in Resources */ = {isa = PBXBuildFile; fileRef = F0086F0919889060009E7E18 /* GameViewController.xib */; };
		F0086F0E19889C95009E7E18 /* CatCase.m in Sources */ = {isa = PBXBuildFile; fileRef = F0086F0D19889C95009E7E18 /* CatCase.m */; };
		F04099CA198B2B5100592985 /* libOpenIDFA.a in Frameworks */ = {isa = PBXBuildFile; fileRef = F04099C8198B2B5100592985 /* libOpenIDFA.a */; };
		F04099CB198B2B5100592985 /* libYouMi.a in Frameworks */ = {isa = PBXBuildFile; fileRef = F04099C9198B2B5100592985 /* libYouMi.a */; };
		F04099CE198B904600592985 /* DXAlertView.m in Sources */ = {isa = PBXBuildFile; fileRef = F04099CD198B904600592985 /* DXAlertView.m */; };
		F042C0D619877FE900DAE2E8 /* Foundation.framework in Frameworks */ = {isa = PBXBuildFile; fileRef = F042C0D519877FE900DAE2E8 /* Foundation.framework */; };
		F042C0DA19877FE900DAE2E8 /* UIKit.framework in Frameworks */ = {isa = PBXBuildFile; fileRef = F042C0D919877FE900DAE2E8 /* UIKit.framework */; };
		F042C0E019877FE900DAE2E8 /* InfoPlist.strings in Resources */ = {isa = PBXBuildFile; fileRef = F042C0DE19877FE900DAE2E8 /* InfoPlist.strings */; };
		F042C0E219877FE900DAE2E8 /* main.m in Sources */ = {isa = PBXBuildFile; fileRef = F042C0E119877FE900DAE2E8 /* main.m */; };
		F042C0E619877FE900DAE2E8 /* AppDelegate.m in Sources */ = {isa = PBXBuildFile; fileRef = F042C0E519877FE900DAE2E8 /* AppDelegate.m */; };
		F042C0EE19877FE900DAE2E8 /* Images.xcassets in Resources */ = {isa = PBXBuildFile; fileRef = F042C0ED19877FE900DAE2E8 /* Images.xcassets */; };
		F042C0F519877FE900DAE2E8 /* XCTest.framework in Frameworks */ = {isa = PBXBuildFile; fileRef = F042C0F419877FE900DAE2E8 /* XCTest.framework */; };
		F042C0F619877FE900DAE2E8 /* Foundation.framework in Frameworks */ = {isa = PBXBuildFile; fileRef = F042C0D519877FE900DAE2E8 /* Foundation.framework */; };
		F042C0F719877FE900DAE2E8 /* UIKit.framework in Frameworks */ = {isa = PBXBuildFile; fileRef = F042C0D919877FE900DAE2E8 /* UIKit.framework */; };
		F042C0FF19877FEA00DAE2E8 /* InfoPlist.strings in Resources */ = {isa = PBXBuildFile; fileRef = F042C0FD19877FEA00DAE2E8 /* InfoPlist.strings */; };
		F042C10119877FEA00DAE2E8 /* Want2DieTests.m in Sources */ = {isa = PBXBuildFile; fileRef = F042C10019877FEA00DAE2E8 /* Want2DieTests.m */; };
		F0A45BBA198A24C900A14569 /* Security.framework in Frameworks */ = {isa = PBXBuildFile; fileRef = F0A45BB9198A24C900A14569 /* Security.framework */; };
		F0A45BBE198A24E200A14569 /* CFNetwork.framework in Frameworks */ = {isa = PBXBuildFile; fileRef = F0A45BBD198A24E200A14569 /* CFNetwork.framework */; };
		F0A45BC0198A24EF00A14569 /* SystemConfiguration.framework in Frameworks */ = {isa = PBXBuildFile; fileRef = F0A45BBF198A24EF00A14569 /* SystemConfiguration.framework */; };
		F0A45BC2198A24F700A14569 /* QuartzCore.framework in Frameworks */ = {isa = PBXBuildFile; fileRef = F0A45BC1198A24F700A14569 /* QuartzCore.framework */; };
		F0A45BC5198A27D100A14569 /* libsqlite3.dylib in Frameworks */ = {isa = PBXBuildFile; fileRef = F0A45BC3198A250000A14569 /* libsqlite3.dylib */; };
		F0A45BC6198A27ED00A14569 /* StoreKit.framework in Frameworks */ = {isa = PBXBuildFile; fileRef = F0A45BBB198A24D000A14569 /* StoreKit.framework */; };
		F0FB61A019E4DC30005B7195 /* setting.png in Resources */ = {isa = PBXBuildFile; fileRef = F0FB619C19E4DC30005B7195 /* setting.png */; };
		F0FB61A119E4DC30005B7195 /* about.png in Resources */ = {isa = PBXBuildFile; fileRef = F0FB619D19E4DC30005B7195 /* about.png */; };
		F0FB61A219E4DC30005B7195 /* about@2x.png in Resources */ = {isa = PBXBuildFile; fileRef = F0FB619E19E4DC30005B7195 /* about@2x.png */; };
		F0FB61A319E4DC30005B7195 /* setting@2x.png in Resources */ = {isa = PBXBuildFile; fileRef = F0FB619F19E4DC30005B7195 /* setting@2x.png */; };
		F0FB61A819E50D8F005B7195 /* closeMusic.png in Resources */ = {isa = PBXBuildFile; fileRef = F0FB61A419E50D8F005B7195 /* closeMusic.png */; };
		F0FB61A919E50D8F005B7195 /* openMusic.png in Resources */ = {isa = PBXBuildFile; fileRef = F0FB61A519E50D8F005B7195 /* openMusic.png */; };
		F0FB61AA19E50D8F005B7195 /* closeMusic@2x.png in Resources */ = {isa = PBXBuildFile; fileRef = F0FB61A619E50D8F005B7195 /* closeMusic@2x.png */; };
		F0FB61AB19E50D8F005B7195 /* openMusic@2x.png in Resources */ = {isa = PBXBuildFile; fileRef = F0FB61A719E50D8F005B7195 /* openMusic@2x.png */; };
		F0FB61B219E520C8005B7195 /* grade_difficult.png in Resources */ = {isa = PBXBuildFile; fileRef = F0FB61AC19E520C8005B7195 /* grade_difficult.png */; };
		F0FB61B319E520C8005B7195 /* grade_difficult@2x.png in Resources */ = {isa = PBXBuildFile; fileRef = F0FB61AD19E520C8005B7195 /* grade_difficult@2x.png */; };
		F0FB61B419E520C8005B7195 /* grade_easy.png in Resources */ = {isa = PBXBuildFile; fileRef = F0FB61AE19E520C8005B7195 /* grade_easy.png */; };
		F0FB61B519E520C8005B7195 /* grade_easy@2x.png in Resources */ = {isa = PBXBuildFile; fileRef = F0FB61AF19E520C8005B7195 /* grade_easy@2x.png */; };
		F0FB61B619E520C8005B7195 /* grade_medium.png in Resources */ = {isa = PBXBuildFile; fileRef = F0FB61B019E520C8005B7195 /* grade_medium.png */; };
		F0FB61B719E520C8005B7195 /* grade_medium@2x.png in Resources */ = {isa = PBXBuildFile; fileRef = F0FB61B119E520C8005B7195 /* grade_medium@2x.png */; };
		F0FB61BA19E52563005B7195 /* support.png in Resources */ = {isa = PBXBuildFile; fileRef = F0FB61B819E52563005B7195 /* support.png */; };
		F0FB61BB19E52563005B7195 /* support@2x.png in Resources */ = {isa = PBXBuildFile; fileRef = F0FB61B919E52563005B7195 /* support@2x.png */; };
		F0FB61BE19E5311F005B7195 /* rankList@2x.png in Resources */ = {isa = PBXBuildFile; fileRef = F0FB61BC19E5311F005B7195 /* rankList@2x.png */; };
		F0FB61BF19E5311F005B7195 /* rankList.png in Resources */ = {isa = PBXBuildFile; fileRef = F0FB61BD19E5311F005B7195 /* rankList.png */; };
/* End PBXBuildFile section */

/* Begin PBXContainerItemProxy section */
		F042C0F819877FE900DAE2E8 /* PBXContainerItemProxy */ = {
			isa = PBXContainerItemProxy;
			containerPortal = F042C0CA19877FE900DAE2E8 /* Project object */;
			proxyType = 1;
			remoteGlobalIDString = F042C0D119877FE900DAE2E8;
			remoteInfo = Want2Die;
		};
/* End PBXContainerItemProxy section */

/* Begin PBXFileReference section */
		5A83FF7F19E01D7300A83854 /* downCat_Female.png */ = {isa = PBXFileReference; lastKnownFileType = image.png; path = downCat_Female.png; sourceTree = "<group>"; };
		5A83FF8019E01D7300A83854 /* downCat_Male.png */ = {isa = PBXFileReference; lastKnownFileType = image.png; path = downCat_Male.png; sourceTree = "<group>"; };
		5A83FF8119E01D7300A83854 /* kidCat.png */ = {isa = PBXFileReference; lastKnownFileType = image.png; path = kidCat.png; sourceTree = "<group>"; };
		5A83FF8219E01D7300A83854 /* leftCat_Female.png */ = {isa = PBXFileReference; lastKnownFileType = image.png; path = leftCat_Female.png; sourceTree = "<group>"; };
		5A83FF8319E01D7300A83854 /* leftCat_Male.png */ = {isa = PBXFileReference; lastKnownFileType = image.png; path = leftCat_Male.png; sourceTree = "<group>"; };
		5A83FF8419E01D7300A83854 /* rightCat_Female.png */ = {isa = PBXFileReference; lastKnownFileType = image.png; path = rightCat_Female.png; sourceTree = "<group>"; };
		5A83FF8519E01D7300A83854 /* rightCat_Male.png */ = {isa = PBXFileReference; lastKnownFileType = image.png; path = rightCat_Male.png; sourceTree = "<group>"; };
		5A83FF8619E01D7300A83854 /* upCat_Female.png */ = {isa = PBXFileReference; lastKnownFileType = image.png; path = upCat_Female.png; sourceTree = "<group>"; };
		5A83FF8719E01D7300A83854 /* upCat_Male.png */ = {isa = PBXFileReference; lastKnownFileType = image.png; path = upCat_Male.png; sourceTree = "<group>"; };
		5A8D6DFB19E02D61000AFCA9 /* Default.png */ = {isa = PBXFileReference; lastKnownFileType = image.png; path = Default.png; sourceTree = "<group>"; };
		5A8D6DFD19E05DC0000AFCA9 /* downCat_Female@2x.png */ = {isa = PBXFileReference; lastKnownFileType = image.png; path = "downCat_Female@2x.png"; sourceTree = "<group>"; };
		5A8D6DFE19E05DC0000AFCA9 /* downCat_Male@2x.png */ = {isa = PBXFileReference; lastKnownFileType = image.png; path = "downCat_Male@2x.png"; sourceTree = "<group>"; };
		5A8D6DFF19E05DC0000AFCA9 /* kidCat@2x.png */ = {isa = PBXFileReference; lastKnownFileType = image.png; path = "kidCat@2x.png"; sourceTree = "<group>"; };
		5A8D6E0019E05DC0000AFCA9 /* leftCat_Female@2x.png */ = {isa = PBXFileReference; lastKnownFileType = image.png; path = "leftCat_Female@2x.png"; sourceTree = "<group>"; };
		5A8D6E0119E05DC0000AFCA9 /* leftCat_Male@2x.png */ = {isa = PBXFileReference; lastKnownFileType = image.png; path = "leftCat_Male@2x.png"; sourceTree = "<group>"; };
		5A8D6E0219E05DC0000AFCA9 /* rightCat_Female@2x.png */ = {isa = PBXFileReference; lastKnownFileType = image.png; path = "rightCat_Female@2x.png"; sourceTree = "<group>"; };
		5A8D6E0319E05DC0000AFCA9 /* rightCat_Male@2x.png */ = {isa = PBXFileReference; lastKnownFileType = image.png; path = "rightCat_Male@2x.png"; sourceTree = "<group>"; };
		5A8D6E0419E05DC0000AFCA9 /* upCat_Female@2x.png */ = {isa = PBXFileReference; lastKnownFileType = image.png; path = "upCat_Female@2x.png"; sourceTree = "<group>"; };
		5A8D6E0519E05DC0000AFCA9 /* upCat_Male@2x.png */ = {isa = PBXFileReference; lastKnownFileType = image.png; path = "upCat_Male@2x.png"; sourceTree = "<group>"; };
		F0086F0719889060009E7E18 /* GameViewController.h */ = {isa = PBXFileReference; fileEncoding = 4; lastKnownFileType = sourcecode.c.h; path = GameViewController.h; sourceTree = "<group>"; };
		F0086F0819889060009E7E18 /* GameViewController.m */ = {isa = PBXFileReference; fileEncoding = 4; lastKnownFileType = sourcecode.c.objc; path = GameViewController.m; sourceTree = "<group>"; };
		F0086F0919889060009E7E18 /* GameViewController.xib */ = {isa = PBXFileReference; fileEncoding = 4; lastKnownFileType = file.xib; path = GameViewController.xib; sourceTree = "<group>"; };
		F0086F0C19889C95009E7E18 /* CatCase.h */ = {isa = PBXFileReference; fileEncoding = 4; lastKnownFileType = sourcecode.c.h; path = CatCase.h; sourceTree = "<group>"; };
		F0086F0D19889C95009E7E18 /* CatCase.m */ = {isa = PBXFileReference; fileEncoding = 4; lastKnownFileType = sourcecode.c.objc; path = CatCase.m; sourceTree = "<group>"; };
		F04099BF198B2B5100592985 /* YouMiConfig.h */ = {isa = PBXFileReference; fileEncoding = 4; lastKnownFileType = sourcecode.c.h; path = YouMiConfig.h; sourceTree = "<group>"; };
		F04099C0198B2B5100592985 /* YouMiDelegateProtocol.h */ = {isa = PBXFileReference; fileEncoding = 4; lastKnownFileType = sourcecode.c.h; path = YouMiDelegateProtocol.h; sourceTree = "<group>"; };
		F04099C1198B2B5100592985 /* YouMiPointsManager.h */ = {isa = PBXFileReference; fileEncoding = 4; lastKnownFileType = sourcecode.c.h; path = YouMiPointsManager.h; sourceTree = "<group>"; };
		F04099C2198B2B5100592985 /* YouMiSpots.h */ = {isa = PBXFileReference; fileEncoding = 4; lastKnownFileType = sourcecode.c.h; path = YouMiSpots.h; sourceTree = "<group>"; };
		F04099C3198B2B5100592985 /* YouMiView.h */ = {isa = PBXFileReference; fileEncoding = 4; lastKnownFileType = sourcecode.c.h; path = YouMiView.h; sourceTree = "<group>"; };
		F04099C4198B2B5100592985 /* YouMiWall.h */ = {isa = PBXFileReference; fileEncoding = 4; lastKnownFileType = sourcecode.c.h; path = YouMiWall.h; sourceTree = "<group>"; };
		F04099C5198B2B5100592985 /* YouMiWallAppModel.h */ = {isa = PBXFileReference; fileEncoding = 4; lastKnownFileType = sourcecode.c.h; path = YouMiWallAppModel.h; sourceTree = "<group>"; };
		F04099C6198B2B5100592985 /* YouMiWallSpot.h */ = {isa = PBXFileReference; fileEncoding = 4; lastKnownFileType = sourcecode.c.h; path = YouMiWallSpot.h; sourceTree = "<group>"; };
		F04099C7198B2B5100592985 /* YouMiWallSpotView.h */ = {isa = PBXFileReference; fileEncoding = 4; lastKnownFileType = sourcecode.c.h; path = YouMiWallSpotView.h; sourceTree = "<group>"; };
		F04099C8198B2B5100592985 /* libOpenIDFA.a */ = {isa = PBXFileReference; lastKnownFileType = archive.ar; path = libOpenIDFA.a; sourceTree = "<group>"; };
		F04099C9198B2B5100592985 /* libYouMi.a */ = {isa = PBXFileReference; lastKnownFileType = archive.ar; path = libYouMi.a; sourceTree = "<group>"; };
		F04099CC198B904600592985 /* DXAlertView.h */ = {isa = PBXFileReference; fileEncoding = 4; lastKnownFileType = sourcecode.c.h; path = DXAlertView.h; sourceTree = "<group>"; };
		F04099CD198B904600592985 /* DXAlertView.m */ = {isa = PBXFileReference; fileEncoding = 4; lastKnownFileType = sourcecode.c.objc; path = DXAlertView.m; sourceTree = "<group>"; };
		F042C0D219877FE900DAE2E8 /* Want2Die.app */ = {isa = PBXFileReference; explicitFileType = wrapper.application; includeInIndex = 0; path = Want2Die.app; sourceTree = BUILT_PRODUCTS_DIR; };
		F042C0D519877FE900DAE2E8 /* Foundation.framework */ = {isa = PBXFileReference; lastKnownFileType = wrapper.framework; name = Foundation.framework; path = System/Library/Frameworks/Foundation.framework; sourceTree = SDKROOT; };
		F042C0D719877FE900DAE2E8 /* CoreGraphics.framework */ = {isa = PBXFileReference; lastKnownFileType = wrapper.framework; name = CoreGraphics.framework; path = System/Library/Frameworks/CoreGraphics.framework; sourceTree = SDKROOT; };
		F042C0D919877FE900DAE2E8 /* UIKit.framework */ = {isa = PBXFileReference; lastKnownFileType = wrapper.framework; name = UIKit.framework; path = System/Library/Frameworks/UIKit.framework; sourceTree = SDKROOT; };
		F042C0DD19877FE900DAE2E8 /* Want2Die-Info.plist */ = {isa = PBXFileReference; lastKnownFileType = text.plist.xml; path = "Want2Die-Info.plist"; sourceTree = "<group>"; };
		F042C0DF19877FE900DAE2E8 /* en */ = {isa = PBXFileReference; lastKnownFileType = text.plist.strings; name = en; path = en.lproj/InfoPlist.strings; sourceTree = "<group>"; };
		F042C0E119877FE900DAE2E8 /* main.m */ = {isa = PBXFileReference; lastKnownFileType = sourcecode.c.objc; path = main.m; sourceTree = "<group>"; };
		F042C0E319877FE900DAE2E8 /* Want2Die-Prefix.pch */ = {isa = PBXFileReference; lastKnownFileType = sourcecode.c.h; path = "Want2Die-Prefix.pch"; sourceTree = "<group>"; };
		F042C0E419877FE900DAE2E8 /* AppDelegate.h */ = {isa = PBXFileReference; lastKnownFileType = sourcecode.c.h; path = AppDelegate.h; sourceTree = "<group>"; };
		F042C0E519877FE900DAE2E8 /* AppDelegate.m */ = {isa = PBXFileReference; lastKnownFileType = sourcecode.c.objc; path = AppDelegate.m; sourceTree = "<group>"; };
		F042C0ED19877FE900DAE2E8 /* Images.xcassets */ = {isa = PBXFileReference; lastKnownFileType = folder.assetcatalog; path = Images.xcassets; sourceTree = "<group>"; };
		F042C0F319877FE900DAE2E8 /* Want2DieTests.xctest */ = {isa = PBXFileReference; explicitFileType = wrapper.cfbundle; includeInIndex = 0; path = Want2DieTests.xctest; sourceTree = BUILT_PRODUCTS_DIR; };
		F042C0F419877FE900DAE2E8 /* XCTest.framework */ = {isa = PBXFileReference; lastKnownFileType = wrapper.framework; name = XCTest.framework; path = Library/Frameworks/XCTest.framework; sourceTree = DEVELOPER_DIR; };
		F042C0FC19877FE900DAE2E8 /* Want2DieTests-Info.plist */ = {isa = PBXFileReference; lastKnownFileType = text.plist.xml; path = "Want2DieTests-Info.plist"; sourceTree = "<group>"; };
		F042C0FE19877FEA00DAE2E8 /* en */ = {isa = PBXFileReference; lastKnownFileType = text.plist.strings; name = en; path = en.lproj/InfoPlist.strings; sourceTree = "<group>"; };
		F042C10019877FEA00DAE2E8 /* Want2DieTests.m */ = {isa = PBXFileReference; lastKnownFileType = sourcecode.c.objc; path = Want2DieTests.m; sourceTree = "<group>"; };
		F0A45BB9198A24C900A14569 /* Security.framework */ = {isa = PBXFileReference; lastKnownFileType = wrapper.framework; name = Security.framework; path = System/Library/Frameworks/Security.framework; sourceTree = SDKROOT; };
		F0A45BBB198A24D000A14569 /* StoreKit.framework */ = {isa = PBXFileReference; lastKnownFileType = wrapper.framework; name = StoreKit.framework; path = System/Library/Frameworks/StoreKit.framework; sourceTree = SDKROOT; };
		F0A45BBD198A24E200A14569 /* CFNetwork.framework */ = {isa = PBXFileReference; lastKnownFileType = wrapper.framework; name = CFNetwork.framework; path = System/Library/Frameworks/CFNetwork.framework; sourceTree = SDKROOT; };
		F0A45BBF198A24EF00A14569 /* SystemConfiguration.framework */ = {isa = PBXFileReference; lastKnownFileType = wrapper.framework; name = SystemConfiguration.framework; path = System/Library/Frameworks/SystemConfiguration.framework; sourceTree = SDKROOT; };
		F0A45BC1198A24F700A14569 /* QuartzCore.framework */ = {isa = PBXFileReference; lastKnownFileType = wrapper.framework; name = QuartzCore.framework; path = System/Library/Frameworks/QuartzCore.framework; sourceTree = SDKROOT; };
		F0A45BC3198A250000A14569 /* libsqlite3.dylib */ = {isa = PBXFileReference; lastKnownFileType = "compiled.mach-o.dylib"; name = libsqlite3.dylib; path = usr/lib/libsqlite3.dylib; sourceTree = SDKROOT; };
		F0FB619C19E4DC30005B7195 /* setting.png */ = {isa = PBXFileReference; lastKnownFileType = image.png; path = setting.png; sourceTree = "<group>"; };
		F0FB619D19E4DC30005B7195 /* about.png */ = {isa = PBXFileReference; lastKnownFileType = image.png; path = about.png; sourceTree = "<group>"; };
		F0FB619E19E4DC30005B7195 /* about@2x.png */ = {isa = PBXFileReference; lastKnownFileType = image.png; path = "about@2x.png"; sourceTree = "<group>"; };
		F0FB619F19E4DC30005B7195 /* setting@2x.png */ = {isa = PBXFileReference; lastKnownFileType = image.png; path = "setting@2x.png"; sourceTree = "<group>"; };
		F0FB61A419E50D8F005B7195 /* closeMusic.png */ = {isa = PBXFileReference; lastKnownFileType = image.png; path = closeMusic.png; sourceTree = "<group>"; };
		F0FB61A519E50D8F005B7195 /* openMusic.png */ = {isa = PBXFileReference; lastKnownFileType = image.png; path = openMusic.png; sourceTree = "<group>"; };
		F0FB61A619E50D8F005B7195 /* closeMusic@2x.png */ = {isa = PBXFileReference; lastKnownFileType = image.png; path = "closeMusic@2x.png"; sourceTree = "<group>"; };
		F0FB61A719E50D8F005B7195 /* openMusic@2x.png */ = {isa = PBXFileReference; lastKnownFileType = image.png; path = "openMusic@2x.png"; sourceTree = "<group>"; };
		F0FB61AC19E520C8005B7195 /* grade_difficult.png */ = {isa = PBXFileReference; lastKnownFileType = image.png; path = grade_difficult.png; sourceTree = "<group>"; };
		F0FB61AD19E520C8005B7195 /* grade_difficult@2x.png */ = {isa = PBXFileReference; lastKnownFileType = image.png; path = "grade_difficult@2x.png"; sourceTree = "<group>"; };
		F0FB61AE19E520C8005B7195 /* grade_easy.png */ = {isa = PBXFileReference; lastKnownFileType = image.png; path = grade_easy.png; sourceTree = "<group>"; };
		F0FB61AF19E520C8005B7195 /* grade_easy@2x.png */ = {isa = PBXFileReference; lastKnownFileType = image.png; path = "grade_easy@2x.png"; sourceTree = "<group>"; };
		F0FB61B019E520C8005B7195 /* grade_medium.png */ = {isa = PBXFileReference; lastKnownFileType = image.png; path = grade_medium.png; sourceTree = "<group>"; };
		F0FB61B119E520C8005B7195 /* grade_medium@2x.png */ = {isa = PBXFileReference; lastKnownFileType = image.png; path = "grade_medium@2x.png"; sourceTree = "<group>"; };
		F0FB61B819E52563005B7195 /* support.png */ = {isa = PBXFileReference; lastKnownFileType = image.png; path = support.png; sourceTree = "<group>"; };
		F0FB61B919E52563005B7195 /* support@2x.png */ = {isa = PBXFileReference; lastKnownFileType = image.png; path = "support@2x.png"; sourceTree = "<group>"; };
		F0FB61BC19E5311F005B7195 /* rankList@2x.png */ = {isa = PBXFileReference; lastKnownFileType = image.png; path = "rankList@2x.png"; sourceTree = "<group>"; };
		F0FB61BD19E5311F005B7195 /* rankList.png */ = {isa = PBXFileReference; lastKnownFileType = image.png; path = rankList.png; sourceTree = "<group>"; };
/* End PBXFileReference section */

/* Begin PBXFrameworksBuildPhase section */
		F042C0CF19877FE900DAE2E8 /* Frameworks */ = {
			isa = PBXFrameworksBuildPhase;
			buildActionMask = 2147483647;
			files = (
				F0A45BC6198A27ED00A14569 /* StoreKit.framework in Frameworks */,
				F04099CB198B2B5100592985 /* libYouMi.a in Frameworks */,
				F04099CA198B2B5100592985 /* libOpenIDFA.a in Frameworks */,
				F0A45BC5198A27D100A14569 /* libsqlite3.dylib in Frameworks */,
				F0A45BC2198A24F700A14569 /* QuartzCore.framework in Frameworks */,
				F0A45BC0198A24EF00A14569 /* SystemConfiguration.framework in Frameworks */,
				F0A45BBE198A24E200A14569 /* CFNetwork.framework in Frameworks */,
				F0A45BBA198A24C900A14569 /* Security.framework in Frameworks */,
				F042C0DA19877FE900DAE2E8 /* UIKit.framework in Frameworks */,
				F042C0D619877FE900DAE2E8 /* Foundation.framework in Frameworks */,
			);
			runOnlyForDeploymentPostprocessing = 0;
		};
		F042C0F019877FE900DAE2E8 /* Frameworks */ = {
			isa = PBXFrameworksBuildPhase;
			buildActionMask = 2147483647;
			files = (
				F042C0F519877FE900DAE2E8 /* XCTest.framework in Frameworks */,
				F042C0F719877FE900DAE2E8 /* UIKit.framework in Frameworks */,
				F042C0F619877FE900DAE2E8 /* Foundation.framework in Frameworks */,
			);
			runOnlyForDeploymentPostprocessing = 0;
		};
/* End PBXFrameworksBuildPhase section */

/* Begin PBXGroup section */
		5A83FF7E19E01D7300A83854 /* images */ = {
			isa = PBXGroup;
			children = (
				F0FB61BC19E5311F005B7195 /* rankList@2x.png */,
				F0FB61BD19E5311F005B7195 /* rankList.png */,
				F0FB61B819E52563005B7195 /* support.png */,
				F0FB61B919E52563005B7195 /* support@2x.png */,
				F0FB61AC19E520C8005B7195 /* grade_difficult.png */,
				F0FB61AD19E520C8005B7195 /* grade_difficult@2x.png */,
				F0FB61AE19E520C8005B7195 /* grade_easy.png */,
				F0FB61AF19E520C8005B7195 /* grade_easy@2x.png */,
				F0FB61B019E520C8005B7195 /* grade_medium.png */,
				F0FB61B119E520C8005B7195 /* grade_medium@2x.png */,
				F0FB619C19E4DC30005B7195 /* setting.png */,
				F0FB61A419E50D8F005B7195 /* closeMusic.png */,
				F0FB61A519E50D8F005B7195 /* openMusic.png */,
				F0FB61A619E50D8F005B7195 /* closeMusic@2x.png */,
				F0FB61A719E50D8F005B7195 /* openMusic@2x.png */,
				F0FB619D19E4DC30005B7195 /* about.png */,
				F0FB619E19E4DC30005B7195 /* about@2x.png */,
				F0FB619F19E4DC30005B7195 /* setting@2x.png */,
				5A8D6DFB19E02D61000AFCA9 /* Default.png */,
				5A8D6DFD19E05DC0000AFCA9 /* downCat_Female@2x.png */,
				5A8D6DFE19E05DC0000AFCA9 /* downCat_Male@2x.png */,
				5A8D6DFF19E05DC0000AFCA9 /* kidCat@2x.png */,
				5A8D6E0019E05DC0000AFCA9 /* leftCat_Female@2x.png */,
				5A8D6E0119E05DC0000AFCA9 /* leftCat_Male@2x.png */,
				5A8D6E0219E05DC0000AFCA9 /* rightCat_Female@2x.png */,
				5A8D6E0319E05DC0000AFCA9 /* rightCat_Male@2x.png */,
				5A8D6E0419E05DC0000AFCA9 /* upCat_Female@2x.png */,
				5A8D6E0519E05DC0000AFCA9 /* upCat_Male@2x.png */,
				5A83FF7F19E01D7300A83854 /* downCat_Female.png */,
				5A83FF8019E01D7300A83854 /* downCat_Male.png */,
				5A83FF8119E01D7300A83854 /* kidCat.png */,
				5A83FF8219E01D7300A83854 /* leftCat_Female.png */,
				5A83FF8319E01D7300A83854 /* leftCat_Male.png */,
				5A83FF8419E01D7300A83854 /* rightCat_Female.png */,
				5A83FF8519E01D7300A83854 /* rightCat_Male.png */,
				5A83FF8619E01D7300A83854 /* upCat_Female.png */,
				5A83FF8719E01D7300A83854 /* upCat_Male.png */,
			);
			path = images;
			sourceTree = "<group>";
		};
		F04099BD198B2B5100592985 /* lib */ = {
			isa = PBXGroup;
			children = (
				F04099BE198B2B5100592985 /* include */,
				F04099C8198B2B5100592985 /* libOpenIDFA.a */,
				F04099C9198B2B5100592985 /* libYouMi.a */,
			);
			path = lib;
			sourceTree = "<group>";
		};
		F04099BE198B2B5100592985 /* include */ = {
			isa = PBXGroup;
			children = (
				F04099BF198B2B5100592985 /* YouMiConfig.h */,
				F04099C0198B2B5100592985 /* YouMiDelegateProtocol.h */,
				F04099C1198B2B5100592985 /* YouMiPointsManager.h */,
				F04099C2198B2B5100592985 /* YouMiSpots.h */,
				F04099C3198B2B5100592985 /* YouMiView.h */,
				F04099C4198B2B5100592985 /* YouMiWall.h */,
				F04099C5198B2B5100592985 /* YouMiWallAppModel.h */,
				F04099C6198B2B5100592985 /* YouMiWallSpot.h */,
				F04099C7198B2B5100592985 /* YouMiWallSpotView.h */,
			);
			path = include;
			sourceTree = "<group>";
		};
		F042C0C919877FE900DAE2E8 = {
			isa = PBXGroup;
			children = (
				F042C0DB19877FE900DAE2E8 /* Want2Die */,
				F042C0FA19877FE900DAE2E8 /* Want2DieTests */,
				F042C0D419877FE900DAE2E8 /* Frameworks */,
				F042C0D319877FE900DAE2E8 /* Products */,
			);
			sourceTree = "<group>";
		};
		F042C0D319877FE900DAE2E8 /* Products */ = {
			isa = PBXGroup;
			children = (
				F042C0D219877FE900DAE2E8 /* Want2Die.app */,
				F042C0F319877FE900DAE2E8 /* Want2DieTests.xctest */,
			);
			name = Products;
			sourceTree = "<group>";
		};
		F042C0D419877FE900DAE2E8 /* Frameworks */ = {
			isa = PBXGroup;
			children = (
				F0A45BC3198A250000A14569 /* libsqlite3.dylib */,
				F0A45BC1198A24F700A14569 /* QuartzCore.framework */,
				F0A45BBF198A24EF00A14569 /* SystemConfiguration.framework */,
				F0A45BBD198A24E200A14569 /* CFNetwork.framework */,
				F0A45BBB198A24D000A14569 /* StoreKit.framework */,
				F0A45BB9198A24C900A14569 /* Security.framework */,
				F042C0D519877FE900DAE2E8 /* Foundation.framework */,
				F042C0D719877FE900DAE2E8 /* CoreGraphics.framework */,
				F042C0D919877FE900DAE2E8 /* UIKit.framework */,
				F042C0F419877FE900DAE2E8 /* XCTest.framework */,
			);
			name = Frameworks;
			sourceTree = "<group>";
		};
		F042C0DB19877FE900DAE2E8 /* Want2Die */ = {
			isa = PBXGroup;
			children = (
				F04099BD198B2B5100592985 /* lib */,
				F042C0E419877FE900DAE2E8 /* AppDelegate.h */,
				F042C0E519877FE900DAE2E8 /* AppDelegate.m */,
				F0086F0719889060009E7E18 /* GameViewController.h */,
				F0086F0819889060009E7E18 /* GameViewController.m */,
				F0086F0919889060009E7E18 /* GameViewController.xib */,
				F0086F0C19889C95009E7E18 /* CatCase.h */,
				F0086F0D19889C95009E7E18 /* CatCase.m */,
				F04099CC198B904600592985 /* DXAlertView.h */,
				F04099CD198B904600592985 /* DXAlertView.m */,
				F042C0ED19877FE900DAE2E8 /* Images.xcassets */,
				F042C0DC19877FE900DAE2E8 /* Supporting Files */,
			);
			path = Want2Die;
			sourceTree = "<group>";
		};
		F042C0DC19877FE900DAE2E8 /* Supporting Files */ = {
			isa = PBXGroup;
			children = (
				5A83FF7E19E01D7300A83854 /* images */,
				F042C0DD19877FE900DAE2E8 /* Want2Die-Info.plist */,
				F042C0DE19877FE900DAE2E8 /* InfoPlist.strings */,
				F042C0E119877FE900DAE2E8 /* main.m */,
				F042C0E319877FE900DAE2E8 /* Want2Die-Prefix.pch */,
			);
			name = "Supporting Files";
			sourceTree = "<group>";
		};
		F042C0FA19877FE900DAE2E8 /* Want2DieTests */ = {
			isa = PBXGroup;
			children = (
				F042C10019877FEA00DAE2E8 /* Want2DieTests.m */,
				F042C0FB19877FE900DAE2E8 /* Supporting Files */,
			);
			path = Want2DieTests;
			sourceTree = "<group>";
		};
		F042C0FB19877FE900DAE2E8 /* Supporting Files */ = {
			isa = PBXGroup;
			children = (
				F042C0FC19877FE900DAE2E8 /* Want2DieTests-Info.plist */,
				F042C0FD19877FEA00DAE2E8 /* InfoPlist.strings */,
			);
			name = "Supporting Files";
			sourceTree = "<group>";
		};
/* End PBXGroup section */

/* Begin PBXNativeTarget section */
		F042C0D119877FE900DAE2E8 /* Want2Die */ = {
			isa = PBXNativeTarget;
			buildConfigurationList = F042C10419877FEA00DAE2E8 /* Build configuration list for PBXNativeTarget "Want2Die" */;
			buildPhases = (
				F042C0CE19877FE900DAE2E8 /* Sources */,
				F042C0CF19877FE900DAE2E8 /* Frameworks */,
				F042C0D019877FE900DAE2E8 /* Resources */,
			);
			buildRules = (
			);
			dependencies = (
			);
			name = Want2Die;
			productName = Want2Die;
			productReference = F042C0D219877FE900DAE2E8 /* Want2Die.app */;
			productType = "com.apple.product-type.application";
		};
		F042C0F219877FE900DAE2E8 /* Want2DieTests */ = {
			isa = PBXNativeTarget;
			buildConfigurationList = F042C10719877FEA00DAE2E8 /* Build configuration list for PBXNativeTarget "Want2DieTests" */;
			buildPhases = (
				F042C0EF19877FE900DAE2E8 /* Sources */,
				F042C0F019877FE900DAE2E8 /* Frameworks */,
				F042C0F119877FE900DAE2E8 /* Resources */,
			);
			buildRules = (
			);
			dependencies = (
				F042C0F919877FE900DAE2E8 /* PBXTargetDependency */,
			);
			name = Want2DieTests;
			productName = Want2DieTests;
			productReference = F042C0F319877FE900DAE2E8 /* Want2DieTests.xctest */;
			productType = "com.apple.product-type.bundle.unit-test";
		};
/* End PBXNativeTarget section */

/* Begin PBXProject section */
		F042C0CA19877FE900DAE2E8 /* Project object */ = {
			isa = PBXProject;
			attributes = {
				LastUpgradeCheck = 0510;
				ORGANIZATIONNAME = "___FULLUSERNAME___";
				TargetAttributes = {
					F042C0F219877FE900DAE2E8 = {
						TestTargetID = F042C0D119877FE900DAE2E8;
					};
				};
			};
			buildConfigurationList = F042C0CD19877FE900DAE2E8 /* Build configuration list for PBXProject "Want2Die" */;
			compatibilityVersion = "Xcode 3.2";
			developmentRegion = English;
			hasScannedForEncodings = 0;
			knownRegions = (
				en,
				Base,
			);
			mainGroup = F042C0C919877FE900DAE2E8;
			productRefGroup = F042C0D319877FE900DAE2E8 /* Products */;
			projectDirPath = "";
			projectRoot = "";
			targets = (
				F042C0D119877FE900DAE2E8 /* Want2Die */,
				F042C0F219877FE900DAE2E8 /* Want2DieTests */,
			);
		};
/* End PBXProject section */

/* Begin PBXResourcesBuildPhase section */
		F042C0D019877FE900DAE2E8 /* Resources */ = {
			isa = PBXResourcesBuildPhase;
			buildActionMask = 2147483647;
			files = (
				5A83FF8E19E01D7300A83854 /* rightCat_Male.png in Resources */,
				F0086F0B19889060009E7E18 /* GameViewController.xib in Resources */,
				5A83FF8D19E01D7300A83854 /* rightCat_Female.png in Resources */,
				F0FB61B719E520C8005B7195 /* grade_medium@2x.png in Resources */,
				5A8D6E0B19E05DC0000AFCA9 /* rightCat_Female@2x.png in Resources */,
				F0FB61B419E520C8005B7195 /* grade_easy.png in Resources */,
				F042C0EE19877FE900DAE2E8 /* Images.xcassets in Resources */,
				5A83FF9019E01D7300A83854 /* upCat_Male.png in Resources */,
				5A8D6E0719E05DC0000AFCA9 /* downCat_Male@2x.png in Resources */,
				5A83FF8919E01D7300A83854 /* downCat_Male.png in Resources */,
				5A83FF8819E01D7300A83854 /* downCat_Female.png in Resources */,
				5A8D6E0C19E05DC0000AFCA9 /* rightCat_Male@2x.png in Resources */,
				5A8D6DFC19E02D61000AFCA9 /* Default.png in Resources */,
				F0FB61A919E50D8F005B7195 /* openMusic.png in Resources */,
				F0FB61B219E520C8005B7195 /* grade_difficult.png in Resources */,
				5A83FF8C19E01D7300A83854 /* leftCat_Male.png in Resources */,
				F0FB61BE19E5311F005B7195 /* rankList@2x.png in Resources */,
				5A8D6E0D19E05DC0000AFCA9 /* upCat_Female@2x.png in Resources */,
				F0FB61B519E520C8005B7195 /* grade_easy@2x.png in Resources */,
				F0FB61B319E520C8005B7195 /* grade_difficult@2x.png in Resources */,
				5A8D6E0819E05DC0000AFCA9 /* kidCat@2x.png in Resources */,
				5A8D6E0619E05DC0000AFCA9 /* downCat_Female@2x.png in Resources */,
				F0FB61A019E4DC30005B7195 /* setting.png in Resources */,
				F0FB61A819E50D8F005B7195 /* closeMusic.png in Resources */,
				5A8D6E0919E05DC0000AFCA9 /* leftCat_Female@2x.png in Resources */,
				5A8D6E0A19E05DC0000AFCA9 /* leftCat_Male@2x.png in Resources */,
				F042C0E019877FE900DAE2E8 /* InfoPlist.strings in Resources */,
				F0FB61B619E520C8005B7195 /* grade_medium.png in Resources */,
				F0FB61A319E4DC30005B7195 /* setting@2x.png in Resources */,
				F0FB61AB19E50D8F005B7195 /* openMusic@2x.png in Resources */,
				5A83FF8A19E01D7300A83854 /* kidCat.png in Resources */,
				F0FB61BF19E5311F005B7195 /* rankList.png in Resources */,
				5A8D6E0E19E05DC0000AFCA9 /* upCat_Male@2x.png in Resources */,
				F0FB61BA19E52563005B7195 /* support.png in Resources */,
				F0FB61BB19E52563005B7195 /* support@2x.png in Resources */,
				F0FB61AA19E50D8F005B7195 /* closeMusic@2x.png in Resources */,
				5A83FF8B19E01D7300A83854 /* leftCat_Female.png in Resources */,
				5A83FF8F19E01D7300A83854 /* upCat_Female.png in Resources */,
				F0FB61A219E4DC30005B7195 /* about@2x.png in Resources */,
				F0FB61A119E4DC30005B7195 /* about.png in Resources */,
			);
			runOnlyForDeploymentPostprocessing = 0;
		};
		F042C0F119877FE900DAE2E8 /* Resources */ = {
			isa = PBXResourcesBuildPhase;
			buildActionMask = 2147483647;
			files = (
				F042C0FF19877FEA00DAE2E8 /* InfoPlist.strings in Resources */,
			);
			runOnlyForDeploymentPostprocessing = 0;
		};
/* End PBXResourcesBuildPhase section */

/* Begin PBXSourcesBuildPhase section */
		F042C0CE19877FE900DAE2E8 /* Sources */ = {
			isa = PBXSourcesBuildPhase;
			buildActionMask = 2147483647;
			files = (
				F0086F0E19889C95009E7E18 /* CatCase.m in Sources */,
				F042C0E619877FE900DAE2E8 /* AppDelegate.m in Sources */,
				F0086F0A19889060009E7E18 /* GameViewController.m in Sources */,
				F04099CE198B904600592985 /* DXAlertView.m in Sources */,
				F042C0E219877FE900DAE2E8 /* main.m in Sources */,
			);
			runOnlyForDeploymentPostprocessing = 0;
		};
		F042C0EF19877FE900DAE2E8 /* Sources */ = {
			isa = PBXSourcesBuildPhase;
			buildActionMask = 2147483647;
			files = (
				F042C10119877FEA00DAE2E8 /* Want2DieTests.m in Sources */,
			);
			runOnlyForDeploymentPostprocessing = 0;
		};
/* End PBXSourcesBuildPhase section */

/* Begin PBXTargetDependency section */
		F042C0F919877FE900DAE2E8 /* PBXTargetDependency */ = {
			isa = PBXTargetDependency;
			target = F042C0D119877FE900DAE2E8 /* Want2Die */;
			targetProxy = F042C0F819877FE900DAE2E8 /* PBXContainerItemProxy */;
		};
/* End PBXTargetDependency section */

/* Begin PBXVariantGroup section */
		F042C0DE19877FE900DAE2E8 /* InfoPlist.strings */ = {
			isa = PBXVariantGroup;
			children = (
				F042C0DF19877FE900DAE2E8 /* en */,
			);
			name = InfoPlist.strings;
			sourceTree = "<group>";
		};
		F042C0FD19877FEA00DAE2E8 /* InfoPlist.strings */ = {
			isa = PBXVariantGroup;
			children = (
				F042C0FE19877FEA00DAE2E8 /* en */,
			);
			name = InfoPlist.strings;
			sourceTree = "<group>";
		};
/* End PBXVariantGroup section */

/* Begin XCBuildConfiguration section */
		F042C10219877FEA00DAE2E8 /* Debug */ = {
			isa = XCBuildConfiguration;
			buildSettings = {
				ALWAYS_SEARCH_USER_PATHS = NO;
				CLANG_CXX_LANGUAGE_STANDARD = "gnu++0x";
				CLANG_CXX_LIBRARY = "libc++";
				CLANG_ENABLE_MODULES = YES;
				CLANG_ENABLE_OBJC_ARC = YES;
				CLANG_WARN_BOOL_CONVERSION = YES;
				CLANG_WARN_CONSTANT_CONVERSION = YES;
				CLANG_WARN_DIRECT_OBJC_ISA_USAGE = YES_ERROR;
				CLANG_WARN_EMPTY_BODY = YES;
				CLANG_WARN_ENUM_CONVERSION = YES;
				CLANG_WARN_INT_CONVERSION = YES;
				CLANG_WARN_OBJC_ROOT_CLASS = YES_ERROR;
				CLANG_WARN__DUPLICATE_METHOD_MATCH = YES;
				"CODE_SIGN_IDENTITY[sdk=iphoneos*]" = "iPhone Developer";
				COPY_PHASE_STRIP = NO;
				GCC_C_LANGUAGE_STANDARD = gnu99;
				GCC_DYNAMIC_NO_PIC = NO;
				GCC_OPTIMIZATION_LEVEL = 0;
				GCC_PREPROCESSOR_DEFINITIONS = (
					"DEBUG=1",
					"$(inherited)",
				);
				GCC_SYMBOLS_PRIVATE_EXTERN = NO;
				GCC_WARN_64_TO_32_BIT_CONVERSION = YES;
				GCC_WARN_ABOUT_RETURN_TYPE = YES_ERROR;
				GCC_WARN_UNDECLARED_SELECTOR = YES;
				GCC_WARN_UNINITIALIZED_AUTOS = YES_AGGRESSIVE;
				GCC_WARN_UNUSED_FUNCTION = YES;
				GCC_WARN_UNUSED_VARIABLE = YES;
				IPHONEOS_DEPLOYMENT_TARGET = 6.0;
				ONLY_ACTIVE_ARCH = YES;
				SDKROOT = iphoneos;
			};
			name = Debug;
		};
		F042C10319877FEA00DAE2E8 /* Release */ = {
			isa = XCBuildConfiguration;
			buildSettings = {
				ALWAYS_SEARCH_USER_PATHS = NO;
				CLANG_CXX_LANGUAGE_STANDARD = "gnu++0x";
				CLANG_CXX_LIBRARY = "libc++";
				CLANG_ENABLE_MODULES = YES;
				CLANG_ENABLE_OBJC_ARC = YES;
				CLANG_WARN_BOOL_CONVERSION = YES;
				CLANG_WARN_CONSTANT_CONVERSION = YES;
				CLANG_WARN_DIRECT_OBJC_ISA_USAGE = YES_ERROR;
				CLANG_WARN_EMPTY_BODY = YES;
				CLANG_WARN_ENUM_CONVERSION = YES;
				CLANG_WARN_INT_CONVERSION = YES;
				CLANG_WARN_OBJC_ROOT_CLASS = YES_ERROR;
				CLANG_WARN__DUPLICATE_METHOD_MATCH = YES;
				"CODE_SIGN_IDENTITY[sdk=iphoneos*]" = "iPhone Developer";
				COPY_PHASE_STRIP = YES;
				ENABLE_NS_ASSERTIONS = NO;
				GCC_C_LANGUAGE_STANDARD = gnu99;
				GCC_WARN_64_TO_32_BIT_CONVERSION = YES;
				GCC_WARN_ABOUT_RETURN_TYPE = YES_ERROR;
				GCC_WARN_UNDECLARED_SELECTOR = YES;
				GCC_WARN_UNINITIALIZED_AUTOS = YES_AGGRESSIVE;
				GCC_WARN_UNUSED_FUNCTION = YES;
				GCC_WARN_UNUSED_VARIABLE = YES;
				IPHONEOS_DEPLOYMENT_TARGET = 6.0;
				SDKROOT = iphoneos;
				VALIDATE_PRODUCT = YES;
			};
			name = Release;
		};
		F042C10519877FEA00DAE2E8 /* Debug */ = {
			isa = XCBuildConfiguration;
			buildSettings = {
				ASSETCATALOG_COMPILER_APPICON_NAME = AppIcon;
				ASSETCATALOG_COMPILER_LAUNCHIMAGE_NAME = LaunchImage;
				GCC_PRECOMPILE_PREFIX_HEADER = YES;
				GCC_PREFIX_HEADER = "Want2Die/Want2Die-Prefix.pch";
				INFOPLIST_FILE = "Want2Die/Want2Die-Info.plist";
				LIBRARY_SEARCH_PATHS = (
					"$(inherited)",
					"$(PROJECT_DIR)/lib",
					"$(PROJECT_DIR)/Want2Die/lib",
				);
				PRODUCT_NAME = "$(TARGET_NAME)";
				TARGETED_DEVICE_FAMILY = 1;
				WRAPPER_EXTENSION = app;
			};
			name = Debug;
		};
		F042C10619877FEA00DAE2E8 /* Release */ = {
			isa = XCBuildConfiguration;
			buildSettings = {
				ASSETCATALOG_COMPILER_APPICON_NAME = AppIcon;
				ASSETCATALOG_COMPILER_LAUNCHIMAGE_NAME = LaunchImage;
				GCC_PRECOMPILE_PREFIX_HEADER = YES;
				GCC_PREFIX_HEADER = "Want2Die/Want2Die-Prefix.pch";
				INFOPLIST_FILE = "Want2Die/Want2Die-Info.plist";
				LIBRARY_SEARCH_PATHS = (
					"$(inherited)",
					"$(PROJECT_DIR)/lib",
					"$(PROJECT_DIR)/Want2Die/lib",
				);
				PRODUCT_NAME = "$(TARGET_NAME)";
				TARGETED_DEVICE_FAMILY = 1;
				WRAPPER_EXTENSION = app;
			};
			name = Release;
		};
		F042C10819877FEA00DAE2E8 /* Debug */ = {
			isa = XCBuildConfiguration;
			buildSettings = {
				BUNDLE_LOADER = "$(BUILT_PRODUCTS_DIR)/Want2Die.app/Want2Die";
				FRAMEWORK_SEARCH_PATHS = (
					"$(SDKROOT)/Developer/Library/Frameworks",
					"$(inherited)",
					"$(DEVELOPER_FRAMEWORKS_DIR)",
				);
				GCC_PRECOMPILE_PREFIX_HEADER = YES;
				GCC_PREFIX_HEADER = "Want2Die/Want2Die-Prefix.pch";
				GCC_PREPROCESSOR_DEFINITIONS = (
					"DEBUG=1",
					"$(inherited)",
				);
				INFOPLIST_FILE = "Want2DieTests/Want2DieTests-Info.plist";
				PRODUCT_NAME = "$(TARGET_NAME)";
				TEST_HOST = "$(BUNDLE_LOADER)";
				WRAPPER_EXTENSION = xctest;
			};
			name = Debug;
		};
		F042C10919877FEA00DAE2E8 /* Release */ = {
			isa = XCBuildConfiguration;
			buildSettings = {
				BUNDLE_LOADER = "$(BUILT_PRODUCTS_DIR)/Want2Die.app/Want2Die";
				FRAMEWORK_SEARCH_PATHS = (
					"$(SDKROOT)/Developer/Library/Frameworks",
					"$(inherited)",
					"$(DEVELOPER_FRAMEWORKS_DIR)",
				);
				GCC_PRECOMPILE_PREFIX_HEADER = YES;
				GCC_PREFIX_HEADER = "Want2Die/Want2Die-Prefix.pch";
				INFOPLIST_FILE = "Want2DieTests/Want2DieTests-Info.plist";
				PRODUCT_NAME = "$(TARGET_NAME)";
				TEST_HOST = "$(BUNDLE_LOADER)";
				WRAPPER_EXTENSION = xctest;
			};
			name = Release;
		};
/* End XCBuildConfiguration section */

/* Begin XCConfigurationList section */
		F042C0CD19877FE900DAE2E8 /* Build configuration list for PBXProject "Want2Die" */ = {
			isa = XCConfigurationList;
			buildConfigurations = (
				F042C10219877FEA00DAE2E8 /* Debug */,
				F042C10319877FEA00DAE2E8 /* Release */,
			);
			defaultConfigurationIsVisible = 0;
			defaultConfigurationName = Release;
		};
		F042C10419877FEA00DAE2E8 /* Build configuration list for PBXNativeTarget "Want2Die" */ = {
			isa = XCConfigurationList;
			buildConfigurations = (
				F042C10519877FEA00DAE2E8 /* Debug */,
				F042C10619877FEA00DAE2E8 /* Release */,
			);
			defaultConfigurationIsVisible = 0;
			defaultConfigurationName = Release;
		};
		F042C10719877FEA00DAE2E8 /* Build configuration list for PBXNativeTarget "Want2DieTests" */ = {
			isa = XCConfigurationList;
			buildConfigurations = (
				F042C10819877FEA00DAE2E8 /* Debug */,
				F042C10919877FEA00DAE2E8 /* Release */,
			);
			defaultConfigurationIsVisible = 0;
			defaultConfigurationName = Release;
		};
/* End XCConfigurationList section */
	};
	rootObject = F042C0CA19877FE900DAE2E8 /* Project object */;
}
